<?xml version="1.0" encoding="UTF-8" standalone="yes" ?>
<CodeBlocks_project_file>
	<FileVersion major="1" minor="6" />
	<Project>
		<Option title="projeto_TP1" />
		<Option pch_mode="2" />
		<Option compiler="gcc" />
		<Build>
			<Target title="Debug">
				<Option output="bin/Debug/projeto_TP1" prefix_auto="1" extension_auto="1" />
				<Option object_output="obj/Debug/" />
				<Option type="1" />
				<Option compiler="gcc" />
				<Compiler>
					<Add option="-g" />
				</Compiler>
			</Target>
			<Target title="Release">
				<Option output="bin/Release/projeto_TP1" prefix_auto="1" extension_auto="1" />
				<Option object_output="obj/Release/" />
				<Option type="1" />
				<Option compiler="gcc" />
				<Compiler>
					<Add option="-O2" />
				</Compiler>
				<Linker>
					<Add option="-s" />
				</Linker>
			</Target>
		</Build>
		<Compiler>
			<Add option="-Wall" />
			<Add option="-fexceptions" />
		</Compiler>
		<Unit filename="dominio/cpp/codigo.cpp" />
		<Unit filename="dominio/cpp/codigo_de_necociacao.cpp" />
		<Unit filename="dominio/cpp/cpf.cpp" />
		<Unit filename="dominio/cpp/data.cpp" />
		<Unit filename="dominio/cpp/dinheiro.cpp" />
		<Unit filename="dominio/cpp/nome.cpp" />
		<Unit filename="dominio/cpp/perfil.cpp" />
		<Unit filename="dominio/cpp/quantidade.cpp" />
		<Unit filename="dominio/cpp/senha.cpp" />
		<Unit filename="entidade/carteira.cpp" />
		<Unit filename="entidade/conta.hpp" />
		<Unit filename="main.cpp" />
		<Unit filename="teste/cpp/teste-nome.cpp" />
		<Unit filename="teste/cpp/teste_codigo_de_negociacao.cpp" />
		<Unit filename="teste/cpp/teste_dinheiro.cpp" />
		<Unit filename="teste/cpp/teste_quantidade.cpp" />
		<Unit filename="teste/cpp/teste_senha.cpp" />
		<Unit filename="teste/cpp/testecarteira.cpp" />
		<Unit filename="teste/cpp/testecodigo.cpp" />
		<Unit filename="teste/cpp/testeconta.cpp" />
		<Unit filename="teste/cpp/testecpf.cpp" />
		<Unit filename="teste/cpp/testeordem.cpp" />
		<Unit filename="teste/cpp/testeperfil.cpp" />
		<Unit filename="teste/hpp/testeCodNeg.hpp" />
		<Unit filename="teste/hpp/teste_dinheiro.hpp" />
		<Unit filename="teste/hpp/testecarteira.hpp" />
		<Unit filename="teste/hpp/testecpf.hpp" />
		<Unit filename="teste/hpp/testeperfil.hpp" />
		<Extensions />
	</Project>
</CodeBlocks_project_file>
